
Microsoft Visual Studio Solution File, Format Version 12.00
# Visual Studio 14
VisualStudioVersion = 14.0.24720.0
MinimumVisualStudioVersion = 10.0.40219.1
Project("{FAE04EC0-301F-11D3-BF4B-00C04F79EFBC}") = "Project_ZKI", "Project_ZKI\Project_ZKI.csproj", "{5EBBCF2B-B3ED-4250-A7DA-10B66805B237}"
EndProject
Project("{FAE04EC0-301F-11D3-BF4B-00C04F79EFBC}") = "DataBase", "DataBase\DataBase.csproj", "{6CC6A9A4-AD9A-49ED-A304-EEBA2668A1DC}"
EndProject
Global
	GlobalSection(SolutionConfigurationPlatforms) = preSolution
		Debug|Any CPU = Debug|Any CPU
		Release|Any CPU = Release|Any CPU
	EndGlobalSection
	GlobalSection(ProjectConfigurationPlatforms) = postSolution
		{5EBBCF2B-B3ED-4250-A7DA-10B66805B237}.Debug|Any CPU.ActiveCfg = Debug|Any CPU
		{5EBBCF2B-B3ED-4250-A7DA-10B66805B237}.Debug|Any CPU.Build.0 = Debug|Any CPU
		{5EBBCF2B-B3ED-4250-A7DA-10B66805B237}.Release|Any CPU.ActiveCfg = Release|Any CPU
		{5EBBCF2B-B3ED-4250-A7DA-10B66805B237}.Release|Any CPU.Build.0 = Release|Any CPU
		{6CC6A9A4-AD9A-49ED-A304-EEBA2668A1DC}.Debug|Any CPU.ActiveCfg = Debug|Any CPU
		{6CC6A9A4-AD9A-49ED-A304-EEBA2668A1DC}.Debug|Any CPU.Build.0 = Debug|Any CPU
		{6CC6A9A4-AD9A-49ED-A304-EEBA2668A1DC}.Release|Any CPU.ActiveCfg = Release|Any CPU
		{6CC6A9A4-AD9A-49ED-A304-EEBA2668A1DC}.Release|Any CPU.Build.0 = Release|Any CPU
	EndGlobalSection
	GlobalSection(SolutionProperties) = preSolution
		HideSolutionNode = FALSE
	EndGlobalSection
EndGlobal
